
Microsoft Visual Studio Solution File, Format Version 12.00
# Visual Studio Version 16
VisualStudioVersion = 16.0.30907.101
MinimumVisualStudioVersion = 10.0.40219.1
Project("{FAE04EC0-301F-11D3-BF4B-00C04F79EFBC}") = "AssociationLabTask1", "AssociationLabTask1\AssociationLabTask1.csproj", "{56817BE0-9C94-4EDB-A5B9-CD69EBA689B6}"
EndProject
Global
	GlobalSection(SolutionConfigurationPlatforms) = preSolution
		Debug|Any CPU = Debug|Any CPU
		Release|Any CPU = Release|Any CPU
	EndGlobalSection
	GlobalSection(ProjectConfigurationPlatforms) = postSolution
		{56817BE0-9C94-4EDB-A5B9-CD69EBA689B6}.Debug|Any CPU.ActiveCfg = Debug|Any CPU
		{56817BE0-9C94-4EDB-A5B9-CD69EBA689B6}.Debug|Any CPU.Build.0 = Debug|Any CPU
		{56817BE0-9C94-4EDB-A5B9-CD69EBA689B6}.Release|Any CPU.ActiveCfg = Release|Any CPU
		{56817BE0-9C94-4EDB-A5B9-CD69EBA689B6}.Release|Any CPU.Build.0 = Release|Any CPU
	EndGlobalSection
	GlobalSection(SolutionProperties) = preSolution
		HideSolutionNode = FALSE
	EndGlobalSection
	GlobalSection(ExtensibilityGlobals) = postSolution
		SolutionGuid = {86D6DAAB-A6E9-4C54-A611-B092AF6629DD}
	EndGlobalSection
EndGlobal
