
Microsoft Visual Studio Solution File, Format Version 12.00
# Visual Studio Version 16
VisualStudioVersion = 16.0.30907.101
MinimumVisualStudioVersion = 10.0.40219.1
Project("{FAE04EC0-301F-11D3-BF4B-00C04F79EFBC}") = "Array1", "Array1\Array1.csproj", "{B79F4E17-76D9-4033-9190-D090A24D7295}"
EndProject
Project("{FAE04EC0-301F-11D3-BF4B-00C04F79EFBC}") = "Array2", "Array2\Array2.csproj", "{1D625922-0E0D-4E5F-95F4-E4C6FCF3133B}"
EndProject
Global
	GlobalSection(SolutionConfigurationPlatforms) = preSolution
		Debug|Any CPU = Debug|Any CPU
		Release|Any CPU = Release|Any CPU
	EndGlobalSection
	GlobalSection(ProjectConfigurationPlatforms) = postSolution
		{B79F4E17-76D9-4033-9190-D090A24D7295}.Debug|Any CPU.ActiveCfg = Debug|Any CPU
		{B79F4E17-76D9-4033-9190-D090A24D7295}.Debug|Any CPU.Build.0 = Debug|Any CPU
		{B79F4E17-76D9-4033-9190-D090A24D7295}.Release|Any CPU.ActiveCfg = Release|Any CPU
		{B79F4E17-76D9-4033-9190-D090A24D7295}.Release|Any CPU.Build.0 = Release|Any CPU
		{1D625922-0E0D-4E5F-95F4-E4C6FCF3133B}.Debug|Any CPU.ActiveCfg = Debug|Any CPU
		{1D625922-0E0D-4E5F-95F4-E4C6FCF3133B}.Debug|Any CPU.Build.0 = Debug|Any CPU
		{1D625922-0E0D-4E5F-95F4-E4C6FCF3133B}.Release|Any CPU.ActiveCfg = Release|Any CPU
		{1D625922-0E0D-4E5F-95F4-E4C6FCF3133B}.Release|Any CPU.Build.0 = Release|Any CPU
	EndGlobalSection
	GlobalSection(SolutionProperties) = preSolution
		HideSolutionNode = FALSE
	EndGlobalSection
	GlobalSection(ExtensibilityGlobals) = postSolution
		SolutionGuid = {30625538-4F1C-48F8-8D18-4E031A9418BC}
	EndGlobalSection
EndGlobal
