
Microsoft Visual Studio Solution File, Format Version 12.00
# Visual Studio Version 16
VisualStudioVersion = 16.0.30907.101
MinimumVisualStudioVersion = 10.0.40219.1
Project("{FAE04EC0-301F-11D3-BF4B-00C04F79EFBC}") = "FinalLabTask2", "FinalLabTask2\FinalLabTask2.csproj", "{9F2ED6EA-5310-4778-AD65-34859F3D493F}"
EndProject
Global
	GlobalSection(SolutionConfigurationPlatforms) = preSolution
		Debug|Any CPU = Debug|Any CPU
		Release|Any CPU = Release|Any CPU
	EndGlobalSection
	GlobalSection(ProjectConfigurationPlatforms) = postSolution
		{9F2ED6EA-5310-4778-AD65-34859F3D493F}.Debug|Any CPU.ActiveCfg = Debug|Any CPU
		{9F2ED6EA-5310-4778-AD65-34859F3D493F}.Debug|Any CPU.Build.0 = Debug|Any CPU
		{9F2ED6EA-5310-4778-AD65-34859F3D493F}.Release|Any CPU.ActiveCfg = Release|Any CPU
		{9F2ED6EA-5310-4778-AD65-34859F3D493F}.Release|Any CPU.Build.0 = Release|Any CPU
	EndGlobalSection
	GlobalSection(SolutionProperties) = preSolution
		HideSolutionNode = FALSE
	EndGlobalSection
	GlobalSection(ExtensibilityGlobals) = postSolution
		SolutionGuid = {EDD96634-56FE-4606-A084-6026F766B3F4}
	EndGlobalSection
EndGlobal
